{
  "pins" : [
    {
      "identity" : "swiftffmpeg",
      "kind" : "remoteSourceControl",
      "location" : "https://github.com/sunlubo/SwiftFFmpeg.git",
      "state" : {
        "branch" : "master",
        "revision" : "e3621a95f90e106f3e7228737c718dfc8b580bc1"
      }
    }
  ],
  "version" : 2
}
